
Microsoft Visual Studio Solution File, Format Version 12.00
# Visual Studio Version 16
VisualStudioVersion = 16.0.30011.22
MinimumVisualStudioVersion = 10.0.40219.1
Project("{FAE04EC0-301F-11D3-BF4B-00C04F79EFBC}") = "cadastro", "cadastro.csproj", "{4BFC5FDA-A9D3-4C9F-8F71-1B7FBD3F605F}"
EndProject
Global
	GlobalSection(SolutionConfigurationPlatforms) = preSolution
		Debug|Any CPU = Debug|Any CPU
		Release|Any CPU = Release|Any CPU
	EndGlobalSection
	GlobalSection(ProjectConfigurationPlatforms) = postSolution
		{4BFC5FDA-A9D3-4C9F-8F71-1B7FBD3F605F}.Debug|Any CPU.ActiveCfg = Debug|Any CPU
		{4BFC5FDA-A9D3-4C9F-8F71-1B7FBD3F605F}.Debug|Any CPU.Build.0 = Debug|Any CPU
		{4BFC5FDA-A9D3-4C9F-8F71-1B7FBD3F605F}.Release|Any CPU.ActiveCfg = Release|Any CPU
		{4BFC5FDA-A9D3-4C9F-8F71-1B7FBD3F605F}.Release|Any CPU.Build.0 = Release|Any CPU
	EndGlobalSection
	GlobalSection(SolutionProperties) = preSolution
		HideSolutionNode = FALSE
	EndGlobalSection
	GlobalSection(ExtensibilityGlobals) = postSolution
		SolutionGuid = {2E020AB5-46AD-49F1-B9DE-CD5A5765F683}
	EndGlobalSection
EndGlobal
